
Microsoft Visual Studio Solution File, Format Version 12.00
# Visual Studio Version 17
VisualStudioVersion = 17.10.35122.118
MinimumVisualStudioVersion = 10.0.40219.1
Project("{9A19103F-16F7-4668-BE54-9A1E7A4F7556}") = "WebApplication1", "WebApplication1\WebApplication1.csproj", "{9F671FBA-DF2F-4166-9316-0026C976EB7B}"
EndProject
Project("{FAE04EC0-301F-11D3-BF4B-00C04F79EFBC}") = "WebTest2", "WebTest2\WebTest2.csproj", "{906DB6E2-2188-4C8A-91A6-EF010BD87486}"
EndProject
Global
	GlobalSection(SolutionConfigurationPlatforms) = preSolution
		Debug|Any CPU = Debug|Any CPU
		Release|Any CPU = Release|Any CPU
	EndGlobalSection
	GlobalSection(ProjectConfigurationPlatforms) = postSolution
		{9F671FBA-DF2F-4166-9316-0026C976EB7B}.Debug|Any CPU.ActiveCfg = Debug|Any CPU
		{9F671FBA-DF2F-4166-9316-0026C976EB7B}.Debug|Any CPU.Build.0 = Debug|Any CPU
		{9F671FBA-DF2F-4166-9316-0026C976EB7B}.Release|Any CPU.ActiveCfg = Release|Any CPU
		{9F671FBA-DF2F-4166-9316-0026C976EB7B}.Release|Any CPU.Build.0 = Release|Any CPU
		{906DB6E2-2188-4C8A-91A6-EF010BD87486}.Debug|Any CPU.ActiveCfg = Debug|Any CPU
		{906DB6E2-2188-4C8A-91A6-EF010BD87486}.Debug|Any CPU.Build.0 = Debug|Any CPU
		{906DB6E2-2188-4C8A-91A6-EF010BD87486}.Release|Any CPU.ActiveCfg = Release|Any CPU
		{906DB6E2-2188-4C8A-91A6-EF010BD87486}.Release|Any CPU.Build.0 = Release|Any CPU
	EndGlobalSection
	GlobalSection(SolutionProperties) = preSolution
		HideSolutionNode = FALSE
	EndGlobalSection
	GlobalSection(ExtensibilityGlobals) = postSolution
		SolutionGuid = {9384EDB2-002B-4AFB-89BE-4BFD5C19A122}
	EndGlobalSection
EndGlobal
